{
  "name": "@rbxts/roact-dnd",
  "version": "0.0.4",
  "lockfileVersion": 1,
  "requires": true,
  "dependencies": {
    "@rbxts/roact": {
      "version": "1.1.0",
      "resolved": "https://registry.npmjs.org/@rbxts/roact/-/roact-1.1.0.tgz",
      "integrity": "sha512-5aQmOBIxdyRTK1GiGjBEUqGVvdViQoSm3AnOEVJbnCq5L5UuVFA9jWIjOFdQQlEsuDyDgLgQ9e7bSbnlObDLHA==",
      "dev": true
    },
    "@rbxts/types": {
      "version": "1.0.243",
      "resolved": "https://registry.npmjs.org/@rbxts/types/-/types-1.0.243.tgz",
      "integrity": "sha512-7jg4pAp0aIzmksWtfd9wmqpP0SgPav1LH5g0EtTF4ZGPE5ftj9Z8BdmpZTVsIhPocjWym4FQHCM2OPhI7SaILQ==",
      "dev": true
    }
  }
}
