{
  "name": "@rbxts/roact-dnd",
  "version": "0.0.1",
  "lockfileVersion": 1,
  "requires": true,
  "dependencies": {
    "@rbxts/roact": {
      "version": "1.0.7",
      "resolved": "https://registry.npmjs.org/@rbxts/roact/-/roact-1.0.7.tgz",
      "integrity": "sha512-lODVNtaxM3YIkRSfQ16HNPEl7QSrPQGp38NfHjXt+SjaASopQWF+CeQ/blD+V6XUdroimdpfTEhhKaPbZBKRPA==",
      "dev": true
    },
    "@rbxts/types": {
      "version": "1.0.242",
      "resolved": "https://registry.npmjs.org/@rbxts/types/-/types-1.0.242.tgz",
      "integrity": "sha512-kk4tMFlIaS0Dn/JgQaEAxzbXCiIwO7vs7Jl60Rqfgn2G2FMrey7qEYD+UHpClgxr/g6T7Y/q6ny/rhRyaje+bw==",
      "dev": true
    }
  }
}
